--- 
dependencies: 
  ruby-debug: 
    group: 
    - :development
    version: ~> 0.10.3
    require: []

  tzinfo: 
    group: 
    - :rails
    version: ~> 0.3.12
  vestal_versions: 
    group: 
    - :plugins
    version: ~> 1.0.2
  rails: 
    group: 
    - :rails
    version: ~> 2.3.5
    require: []

  text-format: 
    group: 
    - :rails
    version: ">= 0.6.3"
    require: 
    - text/format
  libxml-ruby: 
    group: 
    - :default
    version: ~> 1.1.3
    require: 
    - libxml
  pg: 
    group: 
    - :pg
    version: ~> 0.9.0
    require: []

  mustache: 
    group: 
    - :default
    version: ~> 0.11.0
  mongrel: 
    group: 
    - :development
    version: ~> 1.1.5
    require: []

  sprockets-rails: 
    group: 
    - :plugins
    version: ~> 0.0.1
  mysql: 
    group: 
    - :mysql
    version: ~> 2.8.1
    require: []

  SystemTimer: 
    group: 
    - :default
    version: ~> 1.2.0
    require: 
    - system_timer
  memcache-client: 
    group: 
    - :rails
    version: ">= 1.7.4"
    require: []

  haml: 
    group: 
    - :default
    version: ~> 3.0.0.beta1
  sqlite3-ruby: 
    group: 
    - :development
    version: ~> 1.2.5
    require: []

  oauth: 
    group: 
    - :default
    version: ">= 0"
  calendar_date_select: 
    group: 
    - :plugins
    version: ~> 1.15
  acts-as-list: 
    group: 
    - :plugins
    version: ~> 0.1.2
    require: 
    - acts_as_list
  tmail: 
    group: 
    - :rails
    version: ~> 1.2.3
  whenever: 
    group: 
    - :default
    version: ~> 0.4.1
    require: []

  database_cleaner: 
    group: 
    - :testing
    version: ~> 0.5.0
  thinking-sphinx: 
    group: 
    - :plugins
    version: ~> 1.3.15
    require: 
    - thinking_sphinx
  rspec-rails: 
    group: 
    - :testing
    version: ~> 1.3.2
    require: 
    - spec/rails
  cucumber-rails: 
    group: 
    - :testing
    version: ~> 0.3.0
    require: []

  factory_girl: 
    group: 
    - :testing
    version: ~> 1.2.3
  tolk: 
    group: 
    - :plugins
    version: ">= 0"
  paperclip: 
    group: 
    - :plugins
    version: ~> 2.3.1.1
  json: 
    group: 
    - :default
    version: ">= 0"
  icalendar: 
    group: 
    - :default
    version: ~> 1.1.3
  rdiscount: 
    group: 
    - :default
    version: ~> 1.6.3
  i18n: 
    group: 
    - :rails
    version: ">= 0.1.3"
  pickle: 
    group: 
    - :testing
    version: ~> 0.2.1
  aws-s3: 
    group: 
    - :default
    version: ~> 0.6.2
    require: 
    - aws/s3
  builder: 
    group: 
    - :rails
    version: ~> 2.1.2
  hpricot: 
    group: 
    - :default
    version: ~> 0.8.2
  oauth2: 
    group: 
    - :default
    version: ">= 0"
  launchy: 
    group: 
    - :testing
    version: ~> 0.3.5
  capybara: 
    group: 
    - :testing
    version: ~> 0.3.5
specs: 
- rake: 
    version: 0.8.7
- SystemTimer: 
    version: "1.2"
- activesupport: 
    version: 2.3.8
- rack: 
    version: 1.1.0
- actionpack: 
    version: 2.3.8
- actionmailer: 
    version: 2.3.8
- activerecord: 
    version: 2.3.8
- activeresource: 
    version: 2.3.8
- acts-as-list: 
    version: 0.1.2
- addressable: 
    version: 2.1.2
- after_commit: 
    version: 1.0.7
- builder: 
    version: 2.1.2
- mime-types: 
    version: "1.16"
- xml-simple: 
    version: 1.0.12
- aws-s3: 
    version: 0.6.2
- calendar_date_select: 
    version: 1.16.1
- culerity: 
    version: 0.2.10
- nokogiri: 
    version: 1.4.2
- rack-test: 
    version: 0.5.4
- ffi: 
    version: 0.6.3
- json_pure: 
    version: 1.4.3
- selenium-webdriver: 
    version: 0.0.24
- capybara: 
    version: 0.3.9
- cgi_multipart_eof_fix: 
    version: 2.5.0
- rubyforge: 
    version: 2.0.4
- hoe: 
    version: 2.6.1
- chronic: 
    version: 0.2.3
- columnize: 
    version: 0.3.1
- configuration: 
    version: 1.1.0
- diff-lcs: 
    version: 1.1.2
- trollop: 
    version: 1.16.2
- gherkin: 
    version: 2.1.4
- term-ansicolor: 
    version: 1.0.5
- cucumber: 
    version: 0.8.5
- cucumber-rails: 
    version: 0.3.2
- daemons: 
    version: 1.1.0
- database_cleaner: 
    version: 0.5.2
- factory_girl: 
    version: 1.2.4
- faraday: 
    version: 0.4.6
- fastthread: 
    version: 1.0.7
- gem_plugin: 
    version: 0.2.3
- haml: 
    version: 3.0.13
- hpricot: 
    version: 0.8.2
- i18n: 
    version: 0.4.1
- icalendar: 
    version: 1.1.5
- json: 
    version: 1.4.3
- launchy: 
    version: 0.3.5
- libxml-ruby: 
    version: 1.1.4
- linecache: 
    version: "0.43"
- memcache-client: 
    version: 1.8.5
- mongrel: 
    version: 1.1.5
- multi_json: 
    version: 0.0.4
- mustache: 
    version: 0.11.2
- mysql: 
    version: 2.8.1
- oauth: 
    version: 0.4.1
- oauth2: 
    version: 0.0.10
- paperclip: 
    version: 2.3.1.1
- pg: 
    version: 0.9.0
- pickle: 
    version: 0.2.12
- rails: 
    version: 2.3.8
- rdiscount: 
    version: 1.6.5
- riddle: 
    version: 1.0.11
- rspec: 
    version: 1.3.0
- rspec-rails: 
    version: 1.3.2
- ruby-debug-base: 
    version: 0.10.3
- ruby-debug: 
    version: 0.10.3
- sprockets: 
    version: 1.0.2
- sprockets-rails: 
    version: 0.0.1
- sqlite3-ruby: 
    version: 1.2.5
- text-hyphen: 
    version: 1.0.0
- text-format: 
    version: 1.0.0
- thinking-sphinx: 
    version: 1.3.18
- tmail: 
    version: 1.2.7.1
- will_paginate: 
    version: 2.3.14
- ya2yaml: 
    version: 0.29.2
- tolk: 
    version: 0.2.2
    source: 0
- tzinfo: 
    version: 0.3.22
- vestal_versions: 
    version: 1.0.2
- whenever: 
    version: 0.4.2
hash: ccf5dd30a5ec59cff1f47c0f6680c42cdecc6137
sources: 
- Git: 
    uri: git://github.com/mislav/tolk.git
    git: git://github.com/mislav/tolk.git
    ref: 1b0a16d1dcd1eb34564009d06f08e57d9e114967
- Rubygems: 
    uri: http://gemcutter.org
